<?xml version="1.0" encoding="UTF-8"?>
<CodeBlocks_project_file>
	<FileVersion major="1" minor="6"/>
	<Project>
		<Option title="LW2"/>
		<Option makefile_is_custom="1"/>
		<Option compiler="gcc"/>
		<Option virtualFolders="CMake Files\;"/>
		<Build>
			<Target title="all">
				<Option working_dir="/media/vladislav/60DC9EB4DC9E8446/5_Sem/ОС/LW2/build-LW2-Desktop-Debug"/>
				<Option type="4"/>
				<MakeCommands>
					<Build command="/usr/bin/make -j4 -f &quot;/media/vladislav/60DC9EB4DC9E8446/5_Sem/ОС/LW2/build-LW2-Desktop-Debug/Makefile&quot;  VERBOSE=1 all"/>
					<CompileFile command="/usr/bin/make -j4 -f &quot;/media/vladislav/60DC9EB4DC9E8446/5_Sem/ОС/LW2/build-LW2-Desktop-Debug/Makefile&quot;  VERBOSE=1 &quot;$file&quot;"/>
					<Clean command="/usr/bin/make -j4 -f &quot;/media/vladislav/60DC9EB4DC9E8446/5_Sem/ОС/LW2/build-LW2-Desktop-Debug/Makefile&quot;  VERBOSE=1 clean"/>
					<DistClean command="/usr/bin/make -j4 -f &quot;/media/vladislav/60DC9EB4DC9E8446/5_Sem/ОС/LW2/build-LW2-Desktop-Debug/Makefile&quot;  VERBOSE=1 clean"/>
				</MakeCommands>
			</Target>
			<Target title="rebuild_cache">
				<Option working_dir="/media/vladislav/60DC9EB4DC9E8446/5_Sem/ОС/LW2/build-LW2-Desktop-Debug"/>
				<Option type="4"/>
				<MakeCommands>
					<Build command="/usr/bin/make -j4 -f &quot;/media/vladislav/60DC9EB4DC9E8446/5_Sem/ОС/LW2/build-LW2-Desktop-Debug/Makefile&quot;  VERBOSE=1 rebuild_cache"/>
					<CompileFile command="/usr/bin/make -j4 -f &quot;/media/vladislav/60DC9EB4DC9E8446/5_Sem/ОС/LW2/build-LW2-Desktop-Debug/Makefile&quot;  VERBOSE=1 &quot;$file&quot;"/>
					<Clean command="/usr/bin/make -j4 -f &quot;/media/vladislav/60DC9EB4DC9E8446/5_Sem/ОС/LW2/build-LW2-Desktop-Debug/Makefile&quot;  VERBOSE=1 clean"/>
					<DistClean command="/usr/bin/make -j4 -f &quot;/media/vladislav/60DC9EB4DC9E8446/5_Sem/ОС/LW2/build-LW2-Desktop-Debug/Makefile&quot;  VERBOSE=1 clean"/>
				</MakeCommands>
			</Target>
			<Target title="edit_cache">
				<Option working_dir="/media/vladislav/60DC9EB4DC9E8446/5_Sem/ОС/LW2/build-LW2-Desktop-Debug"/>
				<Option type="4"/>
				<MakeCommands>
					<Build command="/usr/bin/make -j4 -f &quot;/media/vladislav/60DC9EB4DC9E8446/5_Sem/ОС/LW2/build-LW2-Desktop-Debug/Makefile&quot;  VERBOSE=1 edit_cache"/>
					<CompileFile command="/usr/bin/make -j4 -f &quot;/media/vladislav/60DC9EB4DC9E8446/5_Sem/ОС/LW2/build-LW2-Desktop-Debug/Makefile&quot;  VERBOSE=1 &quot;$file&quot;"/>
					<Clean command="/usr/bin/make -j4 -f &quot;/media/vladislav/60DC9EB4DC9E8446/5_Sem/ОС/LW2/build-LW2-Desktop-Debug/Makefile&quot;  VERBOSE=1 clean"/>
					<DistClean command="/usr/bin/make -j4 -f &quot;/media/vladislav/60DC9EB4DC9E8446/5_Sem/ОС/LW2/build-LW2-Desktop-Debug/Makefile&quot;  VERBOSE=1 clean"/>
				</MakeCommands>
			</Target>
			<Target title="LW2">
				<Option output="/media/vladislav/60DC9EB4DC9E8446/5_Sem/ОС/LW2/build-LW2-Desktop-Debug/LW2" prefix_auto="0" extension_auto="0"/>
				<Option working_dir="/media/vladislav/60DC9EB4DC9E8446/5_Sem/ОС/LW2/build-LW2-Desktop-Debug"/>
				<Option object_output="./"/>
				<Option type="1"/>
				<Option compiler="gcc"/>
				<Compiler>
					<Add directory="/usr/lib/gcc/x86_64-linux-gnu/9/include"/>
					<Add directory="/usr/local/include"/>
					<Add directory="/usr/include/x86_64-linux-gnu"/>
					<Add directory="/usr/include"/>
				</Compiler>
				<MakeCommands>
					<Build command="/usr/bin/make -j4 -f &quot;/media/vladislav/60DC9EB4DC9E8446/5_Sem/ОС/LW2/build-LW2-Desktop-Debug/Makefile&quot;  VERBOSE=1 LW2"/>
					<CompileFile command="/usr/bin/make -j4 -f &quot;/media/vladislav/60DC9EB4DC9E8446/5_Sem/ОС/LW2/build-LW2-Desktop-Debug/Makefile&quot;  VERBOSE=1 &quot;$file&quot;"/>
					<Clean command="/usr/bin/make -j4 -f &quot;/media/vladislav/60DC9EB4DC9E8446/5_Sem/ОС/LW2/build-LW2-Desktop-Debug/Makefile&quot;  VERBOSE=1 clean"/>
					<DistClean command="/usr/bin/make -j4 -f &quot;/media/vladislav/60DC9EB4DC9E8446/5_Sem/ОС/LW2/build-LW2-Desktop-Debug/Makefile&quot;  VERBOSE=1 clean"/>
				</MakeCommands>
			</Target>
			<Target title="LW2/fast">
				<Option output="/media/vladislav/60DC9EB4DC9E8446/5_Sem/ОС/LW2/build-LW2-Desktop-Debug/LW2" prefix_auto="0" extension_auto="0"/>
				<Option working_dir="/media/vladislav/60DC9EB4DC9E8446/5_Sem/ОС/LW2/build-LW2-Desktop-Debug"/>
				<Option object_output="./"/>
				<Option type="1"/>
				<Option compiler="gcc"/>
				<Compiler>
					<Add directory="/usr/lib/gcc/x86_64-linux-gnu/9/include"/>
					<Add directory="/usr/local/include"/>
					<Add directory="/usr/include/x86_64-linux-gnu"/>
					<Add directory="/usr/include"/>
				</Compiler>
				<MakeCommands>
					<Build command="/usr/bin/make -j4 -f &quot;/media/vladislav/60DC9EB4DC9E8446/5_Sem/ОС/LW2/build-LW2-Desktop-Debug/Makefile&quot;  VERBOSE=1 LW2/fast"/>
					<CompileFile command="/usr/bin/make -j4 -f &quot;/media/vladislav/60DC9EB4DC9E8446/5_Sem/ОС/LW2/build-LW2-Desktop-Debug/Makefile&quot;  VERBOSE=1 &quot;$file&quot;"/>
					<Clean command="/usr/bin/make -j4 -f &quot;/media/vladislav/60DC9EB4DC9E8446/5_Sem/ОС/LW2/build-LW2-Desktop-Debug/Makefile&quot;  VERBOSE=1 clean"/>
					<DistClean command="/usr/bin/make -j4 -f &quot;/media/vladislav/60DC9EB4DC9E8446/5_Sem/ОС/LW2/build-LW2-Desktop-Debug/Makefile&quot;  VERBOSE=1 clean"/>
				</MakeCommands>
			</Target>
		</Build>
		<Unit filename="/media/vladislav/60DC9EB4DC9E8446/5_Sem/ОС/LW2/LW2/main.c">
			<Option target="LW2"/>
		</Unit>
		<Unit filename="/media/vladislav/60DC9EB4DC9E8446/5_Sem/ОС/LW2/LW2/CMakeLists.txt">
			<Option virtualFolder="CMake Files\"/>
		</Unit>
	</Project>
</CodeBlocks_project_file>
