
Microsoft Visual Studio Solution File, Format Version 12.00
# Visual Studio Version 17
VisualStudioVersion = 17.0.31710.8
MinimumVisualStudioVersion = 10.0.40219.1
Project("{8BC9CEB8-8B4A-11D0-8D11-00A0C91BC942}") = "OS_07_01", "OS_07_01\OS_07_01.vcxproj", "{31413D1A-72F4-46A1-9173-FEF9EC4CA09D}"
EndProject
Project("{8BC9CEB8-8B4A-11D0-8D11-00A0C91BC942}") = "OS_07_02", "OS_07_02\OS_07_02.vcxproj", "{0CC4E0DE-EDA7-42C3-8155-D275CB7C6344}"
EndProject
Project("{8BC9CEB8-8B4A-11D0-8D11-00A0C91BC942}") = "OS_07_03", "OS_07_03\OS_07_03.vcxproj", "{FCDE8593-F3E6-4958-990F-3AEB04F28EEA}"
EndProject
Project("{8BC9CEB8-8B4A-11D0-8D11-00A0C91BC942}") = "OS_07_03a", "OS_07_03a\OS_07_03a.vcxproj", "{26CA895A-40CD-4A83-9246-3A2A1537A179}"
EndProject
Project("{8BC9CEB8-8B4A-11D0-8D11-00A0C91BC942}") = "OS_07_03b", "OS_07_03b\OS_07_03b.vcxproj", "{A4338B39-7FC3-49BF-ACAD-CC8ADF53BD98}"
EndProject
Project("{8BC9CEB8-8B4A-11D0-8D11-00A0C91BC942}") = "OS_07_04", "OS_07_04\OS_07_04.vcxproj", "{D9AD05B3-72D7-467F-A856-52A42C713F93}"
EndProject
Project("{8BC9CEB8-8B4A-11D0-8D11-00A0C91BC942}") = "OS_07_04a", "OS_07_04a\OS_07_04a.vcxproj", "{470F1420-BE7F-4706-9C52-68AEC36EDDB7}"
EndProject
Project("{8BC9CEB8-8B4A-11D0-8D11-00A0C91BC942}") = "OS_07_04b", "OS_07_04b\OS_07_04b.vcxproj", "{070B92C9-5D74-49F2-BC82-D48B85E2EC88}"
EndProject
Project("{8BC9CEB8-8B4A-11D0-8D11-00A0C91BC942}") = "OS_07_05", "OS_07_05\OS_07_05.vcxproj", "{4F73F2D3-97BE-41F1-B9FA-6385A18449D5}"
EndProject
Project("{8BC9CEB8-8B4A-11D0-8D11-00A0C91BC942}") = "OS_07_05a", "OS_07_05a\OS_07_05a.vcxproj", "{6148FA64-1411-476B-B0E9-83183AC82E7B}"
EndProject
Project("{8BC9CEB8-8B4A-11D0-8D11-00A0C91BC942}") = "OS_07_05b", "OS_07_05b\OS_07_05b.vcxproj", "{C3EDB149-DD1A-436A-8E48-F9EC5B73A32A}"
EndProject
Global
	GlobalSection(SolutionConfigurationPlatforms) = preSolution
		Debug|x64 = Debug|x64
		Debug|x86 = Debug|x86
		Release|x64 = Release|x64
		Release|x86 = Release|x86
	EndGlobalSection
	GlobalSection(ProjectConfigurationPlatforms) = postSolution
		{31413D1A-72F4-46A1-9173-FEF9EC4CA09D}.Debug|x64.ActiveCfg = Debug|x64
		{31413D1A-72F4-46A1-9173-FEF9EC4CA09D}.Debug|x64.Build.0 = Debug|x64
		{31413D1A-72F4-46A1-9173-FEF9EC4CA09D}.Debug|x86.ActiveCfg = Debug|Win32
		{31413D1A-72F4-46A1-9173-FEF9EC4CA09D}.Debug|x86.Build.0 = Debug|Win32
		{31413D1A-72F4-46A1-9173-FEF9EC4CA09D}.Release|x64.ActiveCfg = Release|x64
		{31413D1A-72F4-46A1-9173-FEF9EC4CA09D}.Release|x64.Build.0 = Release|x64
		{31413D1A-72F4-46A1-9173-FEF9EC4CA09D}.Release|x86.ActiveCfg = Release|Win32
		{31413D1A-72F4-46A1-9173-FEF9EC4CA09D}.Release|x86.Build.0 = Release|Win32
		{0CC4E0DE-EDA7-42C3-8155-D275CB7C6344}.Debug|x64.ActiveCfg = Debug|x64
		{0CC4E0DE-EDA7-42C3-8155-D275CB7C6344}.Debug|x64.Build.0 = Debug|x64
		{0CC4E0DE-EDA7-42C3-8155-D275CB7C6344}.Debug|x86.ActiveCfg = Debug|Win32
		{0CC4E0DE-EDA7-42C3-8155-D275CB7C6344}.Debug|x86.Build.0 = Debug|Win32
		{0CC4E0DE-EDA7-42C3-8155-D275CB7C6344}.Release|x64.ActiveCfg = Release|x64
		{0CC4E0DE-EDA7-42C3-8155-D275CB7C6344}.Release|x64.Build.0 = Release|x64
		{0CC4E0DE-EDA7-42C3-8155-D275CB7C6344}.Release|x86.ActiveCfg = Release|Win32
		{0CC4E0DE-EDA7-42C3-8155-D275CB7C6344}.Release|x86.Build.0 = Release|Win32
		{FCDE8593-F3E6-4958-990F-3AEB04F28EEA}.Debug|x64.ActiveCfg = Debug|x64
		{FCDE8593-F3E6-4958-990F-3AEB04F28EEA}.Debug|x64.Build.0 = Debug|x64
		{FCDE8593-F3E6-4958-990F-3AEB04F28EEA}.Debug|x86.ActiveCfg = Debug|Win32
		{FCDE8593-F3E6-4958-990F-3AEB04F28EEA}.Debug|x86.Build.0 = Debug|Win32
		{FCDE8593-F3E6-4958-990F-3AEB04F28EEA}.Release|x64.ActiveCfg = Release|x64
		{FCDE8593-F3E6-4958-990F-3AEB04F28EEA}.Release|x64.Build.0 = Release|x64
		{FCDE8593-F3E6-4958-990F-3AEB04F28EEA}.Release|x86.ActiveCfg = Release|Win32
		{FCDE8593-F3E6-4958-990F-3AEB04F28EEA}.Release|x86.Build.0 = Release|Win32
		{26CA895A-40CD-4A83-9246-3A2A1537A179}.Debug|x64.ActiveCfg = Debug|x64
		{26CA895A-40CD-4A83-9246-3A2A1537A179}.Debug|x64.Build.0 = Debug|x64
		{26CA895A-40CD-4A83-9246-3A2A1537A179}.Debug|x86.ActiveCfg = Debug|Win32
		{26CA895A-40CD-4A83-9246-3A2A1537A179}.Debug|x86.Build.0 = Debug|Win32
		{26CA895A-40CD-4A83-9246-3A2A1537A179}.Release|x64.ActiveCfg = Release|x64
		{26CA895A-40CD-4A83-9246-3A2A1537A179}.Release|x64.Build.0 = Release|x64
		{26CA895A-40CD-4A83-9246-3A2A1537A179}.Release|x86.ActiveCfg = Release|Win32
		{26CA895A-40CD-4A83-9246-3A2A1537A179}.Release|x86.Build.0 = Release|Win32
		{A4338B39-7FC3-49BF-ACAD-CC8ADF53BD98}.Debug|x64.ActiveCfg = Debug|x64
		{A4338B39-7FC3-49BF-ACAD-CC8ADF53BD98}.Debug|x64.Build.0 = Debug|x64
		{A4338B39-7FC3-49BF-ACAD-CC8ADF53BD98}.Debug|x86.ActiveCfg = Debug|Win32
		{A4338B39-7FC3-49BF-ACAD-CC8ADF53BD98}.Debug|x86.Build.0 = Debug|Win32
		{A4338B39-7FC3-49BF-ACAD-CC8ADF53BD98}.Release|x64.ActiveCfg = Release|x64
		{A4338B39-7FC3-49BF-ACAD-CC8ADF53BD98}.Release|x64.Build.0 = Release|x64
		{A4338B39-7FC3-49BF-ACAD-CC8ADF53BD98}.Release|x86.ActiveCfg = Release|Win32
		{A4338B39-7FC3-49BF-ACAD-CC8ADF53BD98}.Release|x86.Build.0 = Release|Win32
		{D9AD05B3-72D7-467F-A856-52A42C713F93}.Debug|x64.ActiveCfg = Debug|x64
		{D9AD05B3-72D7-467F-A856-52A42C713F93}.Debug|x64.Build.0 = Debug|x64
		{D9AD05B3-72D7-467F-A856-52A42C713F93}.Debug|x86.ActiveCfg = Debug|Win32
		{D9AD05B3-72D7-467F-A856-52A42C713F93}.Debug|x86.Build.0 = Debug|Win32
		{D9AD05B3-72D7-467F-A856-52A42C713F93}.Release|x64.ActiveCfg = Release|x64
		{D9AD05B3-72D7-467F-A856-52A42C713F93}.Release|x64.Build.0 = Release|x64
		{D9AD05B3-72D7-467F-A856-52A42C713F93}.Release|x86.ActiveCfg = Release|Win32
		{D9AD05B3-72D7-467F-A856-52A42C713F93}.Release|x86.Build.0 = Release|Win32
		{470F1420-BE7F-4706-9C52-68AEC36EDDB7}.Debug|x64.ActiveCfg = Debug|x64
		{470F1420-BE7F-4706-9C52-68AEC36EDDB7}.Debug|x64.Build.0 = Debug|x64
		{470F1420-BE7F-4706-9C52-68AEC36EDDB7}.Debug|x86.ActiveCfg = Debug|Win32
		{470F1420-BE7F-4706-9C52-68AEC36EDDB7}.Debug|x86.Build.0 = Debug|Win32
		{470F1420-BE7F-4706-9C52-68AEC36EDDB7}.Release|x64.ActiveCfg = Release|x64
		{470F1420-BE7F-4706-9C52-68AEC36EDDB7}.Release|x64.Build.0 = Release|x64
		{470F1420-BE7F-4706-9C52-68AEC36EDDB7}.Release|x86.ActiveCfg = Release|Win32
		{470F1420-BE7F-4706-9C52-68AEC36EDDB7}.Release|x86.Build.0 = Release|Win32
		{070B92C9-5D74-49F2-BC82-D48B85E2EC88}.Debug|x64.ActiveCfg = Debug|x64
		{070B92C9-5D74-49F2-BC82-D48B85E2EC88}.Debug|x64.Build.0 = Debug|x64
		{070B92C9-5D74-49F2-BC82-D48B85E2EC88}.Debug|x86.ActiveCfg = Debug|Win32
		{070B92C9-5D74-49F2-BC82-D48B85E2EC88}.Debug|x86.Build.0 = Debug|Win32
		{070B92C9-5D74-49F2-BC82-D48B85E2EC88}.Release|x64.ActiveCfg = Release|x64
		{070B92C9-5D74-49F2-BC82-D48B85E2EC88}.Release|x64.Build.0 = Release|x64
		{070B92C9-5D74-49F2-BC82-D48B85E2EC88}.Release|x86.ActiveCfg = Release|Win32
		{070B92C9-5D74-49F2-BC82-D48B85E2EC88}.Release|x86.Build.0 = Release|Win32
		{4F73F2D3-97BE-41F1-B9FA-6385A18449D5}.Debug|x64.ActiveCfg = Debug|x64
		{4F73F2D3-97BE-41F1-B9FA-6385A18449D5}.Debug|x64.Build.0 = Debug|x64
		{4F73F2D3-97BE-41F1-B9FA-6385A18449D5}.Debug|x86.ActiveCfg = Debug|Win32
		{4F73F2D3-97BE-41F1-B9FA-6385A18449D5}.Debug|x86.Build.0 = Debug|Win32
		{4F73F2D3-97BE-41F1-B9FA-6385A18449D5}.Release|x64.ActiveCfg = Release|x64
		{4F73F2D3-97BE-41F1-B9FA-6385A18449D5}.Release|x64.Build.0 = Release|x64
		{4F73F2D3-97BE-41F1-B9FA-6385A18449D5}.Release|x86.ActiveCfg = Release|Win32
		{4F73F2D3-97BE-41F1-B9FA-6385A18449D5}.Release|x86.Build.0 = Release|Win32
		{6148FA64-1411-476B-B0E9-83183AC82E7B}.Debug|x64.ActiveCfg = Debug|x64
		{6148FA64-1411-476B-B0E9-83183AC82E7B}.Debug|x64.Build.0 = Debug|x64
		{6148FA64-1411-476B-B0E9-83183AC82E7B}.Debug|x86.ActiveCfg = Debug|Win32
		{6148FA64-1411-476B-B0E9-83183AC82E7B}.Debug|x86.Build.0 = Debug|Win32
		{6148FA64-1411-476B-B0E9-83183AC82E7B}.Release|x64.ActiveCfg = Release|x64
		{6148FA64-1411-476B-B0E9-83183AC82E7B}.Release|x64.Build.0 = Release|x64
		{6148FA64-1411-476B-B0E9-83183AC82E7B}.Release|x86.ActiveCfg = Release|Win32
		{6148FA64-1411-476B-B0E9-83183AC82E7B}.Release|x86.Build.0 = Release|Win32
		{C3EDB149-DD1A-436A-8E48-F9EC5B73A32A}.Debug|x64.ActiveCfg = Debug|x64
		{C3EDB149-DD1A-436A-8E48-F9EC5B73A32A}.Debug|x64.Build.0 = Debug|x64
		{C3EDB149-DD1A-436A-8E48-F9EC5B73A32A}.Debug|x86.ActiveCfg = Debug|Win32
		{C3EDB149-DD1A-436A-8E48-F9EC5B73A32A}.Debug|x86.Build.0 = Debug|Win32
		{C3EDB149-DD1A-436A-8E48-F9EC5B73A32A}.Release|x64.ActiveCfg = Release|x64
		{C3EDB149-DD1A-436A-8E48-F9EC5B73A32A}.Release|x64.Build.0 = Release|x64
		{C3EDB149-DD1A-436A-8E48-F9EC5B73A32A}.Release|x86.ActiveCfg = Release|Win32
		{C3EDB149-DD1A-436A-8E48-F9EC5B73A32A}.Release|x86.Build.0 = Release|Win32
	EndGlobalSection
	GlobalSection(SolutionProperties) = preSolution
		HideSolutionNode = FALSE
	EndGlobalSection
	GlobalSection(ExtensibilityGlobals) = postSolution
		SolutionGuid = {4E61D0CC-71B8-4328-BFAB-5F2EF9D26EB3}
	EndGlobalSection
EndGlobal
