
Microsoft Visual Studio Solution File, Format Version 12.00
# Visual Studio Version 17
VisualStudioVersion = 17.0.31710.8
MinimumVisualStudioVersion = 10.0.40219.1
Project("{8BC9CEB8-8B4A-11D0-8D11-00A0C91BC942}") = "OS04-01", "OS04-01\OS04-01.vcxproj", "{32707AEF-5B5E-4FFF-A481-95BD1B05CB9E}"
EndProject
Project("{8BC9CEB8-8B4A-11D0-8D11-00A0C91BC942}") = "OS04-02", "OS04-02\OS04-02.vcxproj", "{E664A396-2744-4B2E-81BB-C1C5E03FF8CA}"
EndProject
Project("{8BC9CEB8-8B4A-11D0-8D11-00A0C91BC942}") = "OS04-03", "OS04-03\OS04-03.vcxproj", "{79D6A041-0442-4EF5-8ED1-49125A9E5680}"
EndProject
Project("{8BC9CEB8-8B4A-11D0-8D11-00A0C91BC942}") = "OS04-04", "OS04-04\OS04-04.vcxproj", "{E34F2A69-01A7-4F36-BB03-1C790FCC24C0}"
EndProject
Project("{8BC9CEB8-8B4A-11D0-8D11-00A0C91BC942}") = "OS04-05", "OS04-05\OS04-05.vcxproj", "{BCB66686-6760-4A7B-A967-C8CE0C12F67F}"
EndProject
Global
	GlobalSection(SolutionConfigurationPlatforms) = preSolution
		Debug|x64 = Debug|x64
		Debug|x86 = Debug|x86
		Release|x64 = Release|x64
		Release|x86 = Release|x86
	EndGlobalSection
	GlobalSection(ProjectConfigurationPlatforms) = postSolution
		{32707AEF-5B5E-4FFF-A481-95BD1B05CB9E}.Debug|x64.ActiveCfg = Debug|x64
		{32707AEF-5B5E-4FFF-A481-95BD1B05CB9E}.Debug|x64.Build.0 = Debug|x64
		{32707AEF-5B5E-4FFF-A481-95BD1B05CB9E}.Debug|x86.ActiveCfg = Debug|Win32
		{32707AEF-5B5E-4FFF-A481-95BD1B05CB9E}.Debug|x86.Build.0 = Debug|Win32
		{32707AEF-5B5E-4FFF-A481-95BD1B05CB9E}.Release|x64.ActiveCfg = Release|x64
		{32707AEF-5B5E-4FFF-A481-95BD1B05CB9E}.Release|x64.Build.0 = Release|x64
		{32707AEF-5B5E-4FFF-A481-95BD1B05CB9E}.Release|x86.ActiveCfg = Release|Win32
		{32707AEF-5B5E-4FFF-A481-95BD1B05CB9E}.Release|x86.Build.0 = Release|Win32
		{E664A396-2744-4B2E-81BB-C1C5E03FF8CA}.Debug|x64.ActiveCfg = Debug|x64
		{E664A396-2744-4B2E-81BB-C1C5E03FF8CA}.Debug|x64.Build.0 = Debug|x64
		{E664A396-2744-4B2E-81BB-C1C5E03FF8CA}.Debug|x86.ActiveCfg = Debug|Win32
		{E664A396-2744-4B2E-81BB-C1C5E03FF8CA}.Debug|x86.Build.0 = Debug|Win32
		{E664A396-2744-4B2E-81BB-C1C5E03FF8CA}.Release|x64.ActiveCfg = Release|x64
		{E664A396-2744-4B2E-81BB-C1C5E03FF8CA}.Release|x64.Build.0 = Release|x64
		{E664A396-2744-4B2E-81BB-C1C5E03FF8CA}.Release|x86.ActiveCfg = Release|Win32
		{E664A396-2744-4B2E-81BB-C1C5E03FF8CA}.Release|x86.Build.0 = Release|Win32
		{79D6A041-0442-4EF5-8ED1-49125A9E5680}.Debug|x64.ActiveCfg = Debug|x64
		{79D6A041-0442-4EF5-8ED1-49125A9E5680}.Debug|x64.Build.0 = Debug|x64
		{79D6A041-0442-4EF5-8ED1-49125A9E5680}.Debug|x86.ActiveCfg = Debug|Win32
		{79D6A041-0442-4EF5-8ED1-49125A9E5680}.Debug|x86.Build.0 = Debug|Win32
		{79D6A041-0442-4EF5-8ED1-49125A9E5680}.Release|x64.ActiveCfg = Release|x64
		{79D6A041-0442-4EF5-8ED1-49125A9E5680}.Release|x64.Build.0 = Release|x64
		{79D6A041-0442-4EF5-8ED1-49125A9E5680}.Release|x86.ActiveCfg = Release|Win32
		{79D6A041-0442-4EF5-8ED1-49125A9E5680}.Release|x86.Build.0 = Release|Win32
		{E34F2A69-01A7-4F36-BB03-1C790FCC24C0}.Debug|x64.ActiveCfg = Debug|x64
		{E34F2A69-01A7-4F36-BB03-1C790FCC24C0}.Debug|x64.Build.0 = Debug|x64
		{E34F2A69-01A7-4F36-BB03-1C790FCC24C0}.Debug|x86.ActiveCfg = Debug|Win32
		{E34F2A69-01A7-4F36-BB03-1C790FCC24C0}.Debug|x86.Build.0 = Debug|Win32
		{E34F2A69-01A7-4F36-BB03-1C790FCC24C0}.Release|x64.ActiveCfg = Release|x64
		{E34F2A69-01A7-4F36-BB03-1C790FCC24C0}.Release|x64.Build.0 = Release|x64
		{E34F2A69-01A7-4F36-BB03-1C790FCC24C0}.Release|x86.ActiveCfg = Release|Win32
		{E34F2A69-01A7-4F36-BB03-1C790FCC24C0}.Release|x86.Build.0 = Release|Win32
		{BCB66686-6760-4A7B-A967-C8CE0C12F67F}.Debug|x64.ActiveCfg = Debug|x64
		{BCB66686-6760-4A7B-A967-C8CE0C12F67F}.Debug|x64.Build.0 = Debug|x64
		{BCB66686-6760-4A7B-A967-C8CE0C12F67F}.Debug|x86.ActiveCfg = Debug|Win32
		{BCB66686-6760-4A7B-A967-C8CE0C12F67F}.Debug|x86.Build.0 = Debug|Win32
		{BCB66686-6760-4A7B-A967-C8CE0C12F67F}.Release|x64.ActiveCfg = Release|x64
		{BCB66686-6760-4A7B-A967-C8CE0C12F67F}.Release|x64.Build.0 = Release|x64
		{BCB66686-6760-4A7B-A967-C8CE0C12F67F}.Release|x86.ActiveCfg = Release|Win32
		{BCB66686-6760-4A7B-A967-C8CE0C12F67F}.Release|x86.Build.0 = Release|Win32
	EndGlobalSection
	GlobalSection(SolutionProperties) = preSolution
		HideSolutionNode = FALSE
	EndGlobalSection
	GlobalSection(ExtensibilityGlobals) = postSolution
		SolutionGuid = {D31B3334-3360-4F34-8789-783FC859BDDD}
	EndGlobalSection
EndGlobal
